// !$*UTF8*$!
{
	archiveVersion = 1;
	classes = {
	};
	objectVersion = 50;
	objects = {

/* Begin PBXBuildFile section */
		220A8B8326B4B97E007D0EA6 /* EndgameViewController.swift in Sources */ = {isa = PBXBuildFile; fileRef = 220A8B8226B4B97E007D0EA6 /* EndgameViewController.swift */; };
		220A8B8526B4B98A007D0EA6 /* EndgameView.swift in Sources */ = {isa = PBXBuildFile; fileRef = 220A8B8426B4B98A007D0EA6 /* EndgameView.swift */; };
		222967A6281C52F600E36A28 /* Buttons.swift in Sources */ = {isa = PBXBuildFile; fileRef = 222967A5281C52F600E36A28 /* Buttons.swift */; };
		222967A8281C572500E36A28 /* Colors.swift in Sources */ = {isa = PBXBuildFile; fileRef = 222967A7281C572500E36A28 /* Colors.swift */; };
		222967AA281C57BF00E36A28 /* UIColor+Colors.swift in Sources */ = {isa = PBXBuildFile; fileRef = 222967A9281C57BF00E36A28 /* UIColor+Colors.swift */; };
		22359F0126AA0FCA00126268 /* TutorialViewController.swift in Sources */ = {isa = PBXBuildFile; fileRef = 22359F0026AA0FCA00126268 /* TutorialViewController.swift */; };
		22359F0326AF4F3800126268 /* TutorialVIew.swift in Sources */ = {isa = PBXBuildFile; fileRef = 22359F0226AF4F3800126268 /* TutorialVIew.swift */; };
		2242553B281D29A50028D1F7 /* TutorialTopic.swift in Sources */ = {isa = PBXBuildFile; fileRef = 2242553A281D29A50028D1F7 /* TutorialTopic.swift */; };
		2254787426A768FD001BEB72 /* CostumView.swift in Sources */ = {isa = PBXBuildFile; fileRef = 2254787326A768FD001BEB72 /* CostumView.swift */; };
		22AE1AC826A8E9230031350D /* GameView.swift in Sources */ = {isa = PBXBuildFile; fileRef = 22AE1AC726A8E9230031350D /* GameView.swift */; };
		22AE1ACA26A95D080031350D /* PauseView.swift in Sources */ = {isa = PBXBuildFile; fileRef = 22AE1AC926A95D080031350D /* PauseView.swift */; };
		22BABED22814F7FF0016D2B6 /* GameCenterDelegate.swift in Sources */ = {isa = PBXBuildFile; fileRef = 22BABED12814F7FF0016D2B6 /* GameCenterDelegate.swift */; };
		22BABED42814F90B0016D2B6 /* ErrorHandler.swift in Sources */ = {isa = PBXBuildFile; fileRef = 22BABED32814F90B0016D2B6 /* ErrorHandler.swift */; };
		22BABED72814FA340016D2B6 /* UserDefaultsKeys.swift in Sources */ = {isa = PBXBuildFile; fileRef = 22BABED62814FA340016D2B6 /* UserDefaultsKeys.swift */; };
		22BABED92814FAF90016D2B6 /* UserDefaults+Actions.swift in Sources */ = {isa = PBXBuildFile; fileRef = 22BABED82814FAF90016D2B6 /* UserDefaults+Actions.swift */; };
		22BABEDB28151A420016D2B6 /* ParticleType.swift in Sources */ = {isa = PBXBuildFile; fileRef = 22BABEDA28151A420016D2B6 /* ParticleType.swift */; };
		22C93A3526A7610F00838E44 /* AppDelegate.swift in Sources */ = {isa = PBXBuildFile; fileRef = 22C93A3426A7610F00838E44 /* AppDelegate.swift */; };
		22C93A3726A7610F00838E44 /* SceneDelegate.swift in Sources */ = {isa = PBXBuildFile; fileRef = 22C93A3626A7610F00838E44 /* SceneDelegate.swift */; };
		22C93A3926A7610F00838E44 /* GameViewController.swift in Sources */ = {isa = PBXBuildFile; fileRef = 22C93A3826A7610F00838E44 /* GameViewController.swift */; };
		22C93A3E26A7611100838E44 /* Assets.xcassets in Resources */ = {isa = PBXBuildFile; fileRef = 22C93A3D26A7611100838E44 /* Assets.xcassets */; };
		22C93A4126A7611100838E44 /* LaunchScreen.storyboard in Resources */ = {isa = PBXBuildFile; fileRef = 22C93A3F26A7611100838E44 /* LaunchScreen.storyboard */; };
		22C9F94326B40B1B00264CCC /* MenuViewController.swift in Sources */ = {isa = PBXBuildFile; fileRef = 22C9F94226B40B1B00264CCC /* MenuViewController.swift */; };
		22C9F94526B40B2E00264CCC /* MenuView.swift in Sources */ = {isa = PBXBuildFile; fileRef = 22C9F94426B40B2E00264CCC /* MenuView.swift */; };
		22F48DAD26A7661500AD2418 /* GameScene.swift in Sources */ = {isa = PBXBuildFile; fileRef = 22F48DAC26A7661500AD2418 /* GameScene.swift */; };
		22F48DB226A7667F00AD2418 /* Particle.swift in Sources */ = {isa = PBXBuildFile; fileRef = 22F48DB126A7667F00AD2418 /* Particle.swift */; };
		22FADC3326B9CED600903717 /* GameKit.framework in Frameworks */ = {isa = PBXBuildFile; fileRef = 22FADC3226B9CED600903717 /* GameKit.framework */; };
		22FADC3926BA66E800903717 /* ManegerGameCenter.swift in Sources */ = {isa = PBXBuildFile; fileRef = 22FADC3826BA66E800903717 /* ManegerGameCenter.swift */; };
		22FADC3B26BC5DE700903717 /* String+Localized.swift in Sources */ = {isa = PBXBuildFile; fileRef = 22FADC3A26BC5DE700903717 /* String+Localized.swift */; };
		22FADC3F26BC616F00903717 /* Localization.strings in Resources */ = {isa = PBXBuildFile; fileRef = 22FADC4126BC616F00903717 /* Localization.strings */; };
/* End PBXBuildFile section */

/* Begin PBXFileReference section */
		220A8B8226B4B97E007D0EA6 /* EndgameViewController.swift */ = {isa = PBXFileReference; lastKnownFileType = sourcecode.swift; path = EndgameViewController.swift; sourceTree = "<group>"; };
		220A8B8426B4B98A007D0EA6 /* EndgameView.swift */ = {isa = PBXFileReference; lastKnownFileType = sourcecode.swift; path = EndgameView.swift; sourceTree = "<group>"; };
		222967A5281C52F600E36A28 /* Buttons.swift */ = {isa = PBXFileReference; lastKnownFileType = sourcecode.swift; path = Buttons.swift; sourceTree = "<group>"; };
		222967A7281C572500E36A28 /* Colors.swift */ = {isa = PBXFileReference; lastKnownFileType = sourcecode.swift; path = Colors.swift; sourceTree = "<group>"; };
		222967A9281C57BF00E36A28 /* UIColor+Colors.swift */ = {isa = PBXFileReference; lastKnownFileType = sourcecode.swift; path = "UIColor+Colors.swift"; sourceTree = "<group>"; };
		22359F0026AA0FCA00126268 /* TutorialViewController.swift */ = {isa = PBXFileReference; lastKnownFileType = sourcecode.swift; path = TutorialViewController.swift; sourceTree = "<group>"; };
		22359F0226AF4F3800126268 /* TutorialVIew.swift */ = {isa = PBXFileReference; lastKnownFileType = sourcecode.swift; path = TutorialVIew.swift; sourceTree = "<group>"; };
		2242553A281D29A50028D1F7 /* TutorialTopic.swift */ = {isa = PBXFileReference; lastKnownFileType = sourcecode.swift; path = TutorialTopic.swift; sourceTree = "<group>"; };
		2254787326A768FD001BEB72 /* CostumView.swift */ = {isa = PBXFileReference; lastKnownFileType = sourcecode.swift; path = CostumView.swift; sourceTree = "<group>"; };
		22AE1AC726A8E9230031350D /* GameView.swift */ = {isa = PBXFileReference; lastKnownFileType = sourcecode.swift; path = GameView.swift; sourceTree = "<group>"; };
		22AE1AC926A95D080031350D /* PauseView.swift */ = {isa = PBXFileReference; lastKnownFileType = sourcecode.swift; path = PauseView.swift; sourceTree = "<group>"; };
		22BABED12814F7FF0016D2B6 /* GameCenterDelegate.swift */ = {isa = PBXFileReference; lastKnownFileType = sourcecode.swift; path = GameCenterDelegate.swift; sourceTree = "<group>"; };
		22BABED32814F90B0016D2B6 /* ErrorHandler.swift */ = {isa = PBXFileReference; lastKnownFileType = sourcecode.swift; path = ErrorHandler.swift; sourceTree = "<group>"; };
		22BABED62814FA340016D2B6 /* UserDefaultsKeys.swift */ = {isa = PBXFileReference; lastKnownFileType = sourcecode.swift; path = UserDefaultsKeys.swift; sourceTree = "<group>"; };
		22BABED82814FAF90016D2B6 /* UserDefaults+Actions.swift */ = {isa = PBXFileReference; lastKnownFileType = sourcecode.swift; path = "UserDefaults+Actions.swift"; sourceTree = "<group>"; };
		22BABEDA28151A420016D2B6 /* ParticleType.swift */ = {isa = PBXFileReference; lastKnownFileType = sourcecode.swift; path = ParticleType.swift; sourceTree = "<group>"; };
		22C93A3126A7610F00838E44 /* Ball Runner.app */ = {isa = PBXFileReference; explicitFileType = wrapper.application; includeInIndex = 0; path = "Ball Runner.app"; sourceTree = BUILT_PRODUCTS_DIR; };
		22C93A3426A7610F00838E44 /* AppDelegate.swift */ = {isa = PBXFileReference; lastKnownFileType = sourcecode.swift; path = AppDelegate.swift; sourceTree = "<group>"; };
		22C93A3626A7610F00838E44 /* SceneDelegate.swift */ = {isa = PBXFileReference; lastKnownFileType = sourcecode.swift; path = SceneDelegate.swift; sourceTree = "<group>"; };
		22C93A3826A7610F00838E44 /* GameViewController.swift */ = {isa = PBXFileReference; lastKnownFileType = sourcecode.swift; path = GameViewController.swift; sourceTree = "<group>"; };
		22C93A3D26A7611100838E44 /* Assets.xcassets */ = {isa = PBXFileReference; lastKnownFileType = folder.assetcatalog; path = Assets.xcassets; sourceTree = "<group>"; };
		22C93A4026A7611100838E44 /* Base */ = {isa = PBXFileReference; lastKnownFileType = file.storyboard; name = Base; path = Base.lproj/LaunchScreen.storyboard; sourceTree = "<group>"; };
		22C93A4226A7611100838E44 /* Info.plist */ = {isa = PBXFileReference; lastKnownFileType = text.plist.xml; path = Info.plist; sourceTree = "<group>"; };
		22C9F94226B40B1B00264CCC /* MenuViewController.swift */ = {isa = PBXFileReference; lastKnownFileType = sourcecode.swift; path = MenuViewController.swift; sourceTree = "<group>"; };
		22C9F94426B40B2E00264CCC /* MenuView.swift */ = {isa = PBXFileReference; lastKnownFileType = sourcecode.swift; path = MenuView.swift; sourceTree = "<group>"; };
		22F48DAC26A7661500AD2418 /* GameScene.swift */ = {isa = PBXFileReference; lastKnownFileType = sourcecode.swift; path = GameScene.swift; sourceTree = "<group>"; };
		22F48DB126A7667F00AD2418 /* Particle.swift */ = {isa = PBXFileReference; lastKnownFileType = sourcecode.swift; path = Particle.swift; sourceTree = "<group>"; };
		22FADC3226B9CED600903717 /* GameKit.framework */ = {isa = PBXFileReference; lastKnownFileType = wrapper.framework; name = GameKit.framework; path = System/Library/Frameworks/GameKit.framework; sourceTree = SDKROOT; };
		22FADC3426BA3F8900903717 /* Ball Runner.entitlements */ = {isa = PBXFileReference; lastKnownFileType = text.plist.entitlements; path = "Ball Runner.entitlements"; sourceTree = "<group>"; };
		22FADC3826BA66E800903717 /* ManegerGameCenter.swift */ = {isa = PBXFileReference; lastKnownFileType = sourcecode.swift; path = ManegerGameCenter.swift; sourceTree = "<group>"; };
		22FADC3A26BC5DE700903717 /* String+Localized.swift */ = {isa = PBXFileReference; lastKnownFileType = sourcecode.swift; path = "String+Localized.swift"; sourceTree = "<group>"; };
		22FADC4026BC616F00903717 /* en */ = {isa = PBXFileReference; lastKnownFileType = text.plist.strings; name = en; path = en.lproj/Localization.strings; sourceTree = "<group>"; };
		22FADC4426BC623900903717 /* pt-BR */ = {isa = PBXFileReference; lastKnownFileType = text.plist.strings; name = "pt-BR"; path = "pt-BR.lproj/Localization.strings"; sourceTree = "<group>"; };
/* End PBXFileReference section */

/* Begin PBXFrameworksBuildPhase section */
		22C93A2E26A7610F00838E44 /* Frameworks */ = {
			isa = PBXFrameworksBuildPhase;
			buildActionMask = 2147483647;
			files = (
				22FADC3326B9CED600903717 /* GameKit.framework in Frameworks */,
			);
			runOnlyForDeploymentPostprocessing = 0;
		};
/* End PBXFrameworksBuildPhase section */

/* Begin PBXGroup section */
		229BA19526BC9DF200E3B593 /* Game Center */ = {
			isa = PBXGroup;
			children = (
				22FADC3826BA66E800903717 /* ManegerGameCenter.swift */,
				22BABED32814F90B0016D2B6 /* ErrorHandler.swift */,
			);
			path = "Game Center";
			sourceTree = "<group>";
		};
		22AE1AC626A8E9060031350D /* Modal */ = {
			isa = PBXGroup;
			children = (
				22BABED52814FA260016D2B6 /* Enum */,
				22F48DAC26A7661500AD2418 /* GameScene.swift */,
			);
			path = Modal;
			sourceTree = "<group>";
		};
		22BABED02814F7EB0016D2B6 /* Delegate */ = {
			isa = PBXGroup;
			children = (
				22BABEDC281B58610016D2B6 /* System */,
				22BABED12814F7FF0016D2B6 /* GameCenterDelegate.swift */,
			);
			path = Delegate;
			sourceTree = "<group>";
		};
		22BABED52814FA260016D2B6 /* Enum */ = {
			isa = PBXGroup;
			children = (
				22BABED62814FA340016D2B6 /* UserDefaultsKeys.swift */,
				22BABEDA28151A420016D2B6 /* ParticleType.swift */,
				222967A5281C52F600E36A28 /* Buttons.swift */,
				222967A7281C572500E36A28 /* Colors.swift */,
				2242553A281D29A50028D1F7 /* TutorialTopic.swift */,
			);
			path = Enum;
			sourceTree = "<group>";
		};
		22BABEDC281B58610016D2B6 /* System */ = {
			isa = PBXGroup;
			children = (
				22C93A3426A7610F00838E44 /* AppDelegate.swift */,
				22C93A3626A7610F00838E44 /* SceneDelegate.swift */,
			);
			path = System;
			sourceTree = "<group>";
		};
		22C93A2826A7610F00838E44 = {
			isa = PBXGroup;
			children = (
				22C93A6526A761D900838E44 /* Assets */,
				22C93A3326A7610F00838E44 /* Ball Runner */,
				22C93A6426A761C400838E44 /* System */,
				22C93A3226A7610F00838E44 /* Products */,
				22FADC3126B9CED600903717 /* Frameworks */,
			);
			sourceTree = "<group>";
		};
		22C93A3226A7610F00838E44 /* Products */ = {
			isa = PBXGroup;
			children = (
				22C93A3126A7610F00838E44 /* Ball Runner.app */,
			);
			name = Products;
			sourceTree = "<group>";
		};
		22C93A3326A7610F00838E44 /* Ball Runner */ = {
			isa = PBXGroup;
			children = (
				22FADC3426BA3F8900903717 /* Ball Runner.entitlements */,
				22BABED02814F7EB0016D2B6 /* Delegate */,
				229BA19526BC9DF200E3B593 /* Game Center */,
				22F48DB026A7663A00AD2418 /* Controllers */,
				22F48DAF26A7663400AD2418 /* View */,
				22AE1AC626A8E9060031350D /* Modal */,
				22FADC3526BA639500903717 /* Extensions */,
				22F48DAE26A7662900AD2418 /* Complements */,
				22FADC3C26BC5EED00903717 /* Lenguages */,
			);
			path = "Ball Runner";
			sourceTree = "<group>";
		};
		22C93A6426A761C400838E44 /* System */ = {
			isa = PBXGroup;
			children = (
				22C93A4226A7611100838E44 /* Info.plist */,
			);
			path = System;
			sourceTree = "<group>";
		};
		22C93A6526A761D900838E44 /* Assets */ = {
			isa = PBXGroup;
			children = (
				22C93A3D26A7611100838E44 /* Assets.xcassets */,
			);
			path = Assets;
			sourceTree = "<group>";
		};
		22F48DAE26A7662900AD2418 /* Complements */ = {
			isa = PBXGroup;
			children = (
				22F48DB126A7667F00AD2418 /* Particle.swift */,
				2254787326A768FD001BEB72 /* CostumView.swift */,
			);
			path = Complements;
			sourceTree = "<group>";
		};
		22F48DAF26A7663400AD2418 /* View */ = {
			isa = PBXGroup;
			children = (
				22C93A3F26A7611100838E44 /* LaunchScreen.storyboard */,
				22C9F94426B40B2E00264CCC /* MenuView.swift */,
				22AE1AC726A8E9230031350D /* GameView.swift */,
				22AE1AC926A95D080031350D /* PauseView.swift */,
				22359F0226AF4F3800126268 /* TutorialVIew.swift */,
				220A8B8426B4B98A007D0EA6 /* EndgameView.swift */,
			);
			path = View;
			sourceTree = "<group>";
		};
		22F48DB026A7663A00AD2418 /* Controllers */ = {
			isa = PBXGroup;
			children = (
				22C9F94226B40B1B00264CCC /* MenuViewController.swift */,
				22C93A3826A7610F00838E44 /* GameViewController.swift */,
				22359F0026AA0FCA00126268 /* TutorialViewController.swift */,
				220A8B8226B4B97E007D0EA6 /* EndgameViewController.swift */,
			);
			path = Controllers;
			sourceTree = "<group>";
		};
		22FADC3126B9CED600903717 /* Frameworks */ = {
			isa = PBXGroup;
			children = (
				22FADC3226B9CED600903717 /* GameKit.framework */,
			);
			name = Frameworks;
			sourceTree = "<group>";
		};
		22FADC3526BA639500903717 /* Extensions */ = {
			isa = PBXGroup;
			children = (
				22FADC3A26BC5DE700903717 /* String+Localized.swift */,
				22BABED82814FAF90016D2B6 /* UserDefaults+Actions.swift */,
				222967A9281C57BF00E36A28 /* UIColor+Colors.swift */,
			);
			path = Extensions;
			sourceTree = "<group>";
		};
		22FADC3C26BC5EED00903717 /* Lenguages */ = {
			isa = PBXGroup;
			children = (
				22FADC4126BC616F00903717 /* Localization.strings */,
			);
			path = Lenguages;
			sourceTree = "<group>";
		};
/* End PBXGroup section */

/* Begin PBXNativeTarget section */
		22C93A3026A7610F00838E44 /* Ball Runner */ = {
			isa = PBXNativeTarget;
			buildConfigurationList = 22C93A5B26A7611100838E44 /* Build configuration list for PBXNativeTarget "Ball Runner" */;
			buildPhases = (
				22C93A2D26A7610F00838E44 /* Sources */,
				22C93A2E26A7610F00838E44 /* Frameworks */,
				22C93A2F26A7610F00838E44 /* Resources */,
			);
			buildRules = (
			);
			dependencies = (
			);
			name = "Ball Runner";
			productName = "Ball Runner";
			productReference = 22C93A3126A7610F00838E44 /* Ball Runner.app */;
			productType = "com.apple.product-type.application";
		};
/* End PBXNativeTarget section */

/* Begin PBXProject section */
		22C93A2926A7610F00838E44 /* Project object */ = {
			isa = PBXProject;
			attributes = {
				LastSwiftUpdateCheck = 1250;
				LastUpgradeCheck = 1250;
				TargetAttributes = {
					22C93A3026A7610F00838E44 = {
						CreatedOnToolsVersion = 12.5.1;
					};
				};
			};
			buildConfigurationList = 22C93A2C26A7610F00838E44 /* Build configuration list for PBXProject "Ball Runner" */;
			compatibilityVersion = "Xcode 9.3";
			developmentRegion = en;
			hasScannedForEncodings = 0;
			knownRegions = (
				en,
				Base,
				"pt-BR",
			);
			mainGroup = 22C93A2826A7610F00838E44;
			productRefGroup = 22C93A3226A7610F00838E44 /* Products */;
			projectDirPath = "";
			projectRoot = "";
			targets = (
				22C93A3026A7610F00838E44 /* Ball Runner */,
			);
		};
/* End PBXProject section */

/* Begin PBXResourcesBuildPhase section */
		22C93A2F26A7610F00838E44 /* Resources */ = {
			isa = PBXResourcesBuildPhase;
			buildActionMask = 2147483647;
			files = (
				22C93A4126A7611100838E44 /* LaunchScreen.storyboard in Resources */,
				22C93A3E26A7611100838E44 /* Assets.xcassets in Resources */,
				22FADC3F26BC616F00903717 /* Localization.strings in Resources */,
			);
			runOnlyForDeploymentPostprocessing = 0;
		};
/* End PBXResourcesBuildPhase section */

/* Begin PBXSourcesBuildPhase section */
		22C93A2D26A7610F00838E44 /* Sources */ = {
			isa = PBXSourcesBuildPhase;
			buildActionMask = 2147483647;
			files = (
				22BABED22814F7FF0016D2B6 /* GameCenterDelegate.swift in Sources */,
				222967AA281C57BF00E36A28 /* UIColor+Colors.swift in Sources */,
				22BABED72814FA340016D2B6 /* UserDefaultsKeys.swift in Sources */,
				22C93A3926A7610F00838E44 /* GameViewController.swift in Sources */,
				222967A6281C52F600E36A28 /* Buttons.swift in Sources */,
				22C9F94526B40B2E00264CCC /* MenuView.swift in Sources */,
				22F48DB226A7667F00AD2418 /* Particle.swift in Sources */,
				22359F0326AF4F3800126268 /* TutorialVIew.swift in Sources */,
				22C93A3526A7610F00838E44 /* AppDelegate.swift in Sources */,
				22C9F94326B40B1B00264CCC /* MenuViewController.swift in Sources */,
				220A8B8526B4B98A007D0EA6 /* EndgameView.swift in Sources */,
				22BABED42814F90B0016D2B6 /* ErrorHandler.swift in Sources */,
				22FADC3926BA66E800903717 /* ManegerGameCenter.swift in Sources */,
				22AE1ACA26A95D080031350D /* PauseView.swift in Sources */,
				222967A8281C572500E36A28 /* Colors.swift in Sources */,
				22BABEDB28151A420016D2B6 /* ParticleType.swift in Sources */,
				2254787426A768FD001BEB72 /* CostumView.swift in Sources */,
				22FADC3B26BC5DE700903717 /* String+Localized.swift in Sources */,
				2242553B281D29A50028D1F7 /* TutorialTopic.swift in Sources */,
				220A8B8326B4B97E007D0EA6 /* EndgameViewController.swift in Sources */,
				22F48DAD26A7661500AD2418 /* GameScene.swift in Sources */,
				22BABED92814FAF90016D2B6 /* UserDefaults+Actions.swift in Sources */,
				22C93A3726A7610F00838E44 /* SceneDelegate.swift in Sources */,
				22AE1AC826A8E9230031350D /* GameView.swift in Sources */,
				22359F0126AA0FCA00126268 /* TutorialViewController.swift in Sources */,
			);
			runOnlyForDeploymentPostprocessing = 0;
		};
/* End PBXSourcesBuildPhase section */

/* Begin PBXVariantGroup section */
		22C93A3F26A7611100838E44 /* LaunchScreen.storyboard */ = {
			isa = PBXVariantGroup;
			children = (
				22C93A4026A7611100838E44 /* Base */,
			);
			name = LaunchScreen.storyboard;
			sourceTree = "<group>";
		};
		22FADC4126BC616F00903717 /* Localization.strings */ = {
			isa = PBXVariantGroup;
			children = (
				22FADC4026BC616F00903717 /* en */,
				22FADC4426BC623900903717 /* pt-BR */,
			);
			name = Localization.strings;
			sourceTree = "<group>";
		};
/* End PBXVariantGroup section */

/* Begin XCBuildConfiguration section */
		22C93A5926A7611100838E44 /* Debug */ = {
			isa = XCBuildConfiguration;
			buildSettings = {
				ALWAYS_SEARCH_USER_PATHS = NO;
				CLANG_ANALYZER_LOCALIZABILITY_NONLOCALIZED = YES;
				CLANG_ANALYZER_NONNULL = YES;
				CLANG_ANALYZER_NUMBER_OBJECT_CONVERSION = YES_AGGRESSIVE;
				CLANG_CXX_LANGUAGE_STANDARD = "gnu++14";
				CLANG_CXX_LIBRARY = "libc++";
				CLANG_ENABLE_MODULES = YES;
				CLANG_ENABLE_OBJC_ARC = YES;
				CLANG_ENABLE_OBJC_WEAK = YES;
				CLANG_WARN_BLOCK_CAPTURE_AUTORELEASING = YES;
				CLANG_WARN_BOOL_CONVERSION = YES;
				CLANG_WARN_COMMA = YES;
				CLANG_WARN_CONSTANT_CONVERSION = YES;
				CLANG_WARN_DEPRECATED_OBJC_IMPLEMENTATIONS = YES;
				CLANG_WARN_DIRECT_OBJC_ISA_USAGE = YES_ERROR;
				CLANG_WARN_DOCUMENTATION_COMMENTS = YES;
				CLANG_WARN_EMPTY_BODY = YES;
				CLANG_WARN_ENUM_CONVERSION = YES;
				CLANG_WARN_INFINITE_RECURSION = YES;
				CLANG_WARN_INT_CONVERSION = YES;
				CLANG_WARN_NON_LITERAL_NULL_CONVERSION = YES;
				CLANG_WARN_OBJC_IMPLICIT_RETAIN_SELF = YES;
				CLANG_WARN_OBJC_LITERAL_CONVERSION = YES;
				CLANG_WARN_OBJC_ROOT_CLASS = YES_ERROR;
				CLANG_WARN_QUOTED_INCLUDE_IN_FRAMEWORK_HEADER = YES;
				CLANG_WARN_RANGE_LOOP_ANALYSIS = YES;
				CLANG_WARN_STRICT_PROTOTYPES = YES;
				CLANG_WARN_SUSPICIOUS_MOVE = YES;
				CLANG_WARN_UNGUARDED_AVAILABILITY = YES_AGGRESSIVE;
				CLANG_WARN_UNREACHABLE_CODE = YES;
				CLANG_WARN__DUPLICATE_METHOD_MATCH = YES;
				COPY_PHASE_STRIP = NO;
				DEBUG_INFORMATION_FORMAT = dwarf;
				ENABLE_STRICT_OBJC_MSGSEND = YES;
				ENABLE_TESTABILITY = YES;
				GCC_C_LANGUAGE_STANDARD = gnu11;
				GCC_DYNAMIC_NO_PIC = NO;
				GCC_NO_COMMON_BLOCKS = YES;
				GCC_OPTIMIZATION_LEVEL = 0;
				GCC_PREPROCESSOR_DEFINITIONS = (
					"DEBUG=1",
					"$(inherited)",
				);
				GCC_WARN_64_TO_32_BIT_CONVERSION = YES;
				GCC_WARN_ABOUT_RETURN_TYPE = YES_ERROR;
				GCC_WARN_UNDECLARED_SELECTOR = YES;
				GCC_WARN_UNINITIALIZED_AUTOS = YES_AGGRESSIVE;
				GCC_WARN_UNUSED_FUNCTION = YES;
				GCC_WARN_UNUSED_VARIABLE = YES;
				IPHONEOS_DEPLOYMENT_TARGET = 14.5;
				MTL_ENABLE_DEBUG_INFO = INCLUDE_SOURCE;
				MTL_FAST_MATH = YES;
				ONLY_ACTIVE_ARCH = YES;
				SDKROOT = iphoneos;
				SWIFT_ACTIVE_COMPILATION_CONDITIONS = DEBUG;
				SWIFT_OPTIMIZATION_LEVEL = "-Onone";
			};
			name = Debug;
		};
		22C93A5A26A7611100838E44 /* Release */ = {
			isa = XCBuildConfiguration;
			buildSettings = {
				ALWAYS_SEARCH_USER_PATHS = NO;
				CLANG_ANALYZER_LOCALIZABILITY_NONLOCALIZED = YES;
				CLANG_ANALYZER_NONNULL = YES;
				CLANG_ANALYZER_NUMBER_OBJECT_CONVERSION = YES_AGGRESSIVE;
				CLANG_CXX_LANGUAGE_STANDARD = "gnu++14";
				CLANG_CXX_LIBRARY = "libc++";
				CLANG_ENABLE_MODULES = YES;
				CLANG_ENABLE_OBJC_ARC = YES;
				CLANG_ENABLE_OBJC_WEAK = YES;
				CLANG_WARN_BLOCK_CAPTURE_AUTORELEASING = YES;
				CLANG_WARN_BOOL_CONVERSION = YES;
				CLANG_WARN_COMMA = YES;
				CLANG_WARN_CONSTANT_CONVERSION = YES;
				CLANG_WARN_DEPRECATED_OBJC_IMPLEMENTATIONS = YES;
				CLANG_WARN_DIRECT_OBJC_ISA_USAGE = YES_ERROR;
				CLANG_WARN_DOCUMENTATION_COMMENTS = YES;
				CLANG_WARN_EMPTY_BODY = YES;
				CLANG_WARN_ENUM_CONVERSION = YES;
				CLANG_WARN_INFINITE_RECURSION = YES;
				CLANG_WARN_INT_CONVERSION = YES;
				CLANG_WARN_NON_LITERAL_NULL_CONVERSION = YES;
				CLANG_WARN_OBJC_IMPLICIT_RETAIN_SELF = YES;
				CLANG_WARN_OBJC_LITERAL_CONVERSION = YES;
				CLANG_WARN_OBJC_ROOT_CLASS = YES_ERROR;
				CLANG_WARN_QUOTED_INCLUDE_IN_FRAMEWORK_HEADER = YES;
				CLANG_WARN_RANGE_LOOP_ANALYSIS = YES;
				CLANG_WARN_STRICT_PROTOTYPES = YES;
				CLANG_WARN_SUSPICIOUS_MOVE = YES;
				CLANG_WARN_UNGUARDED_AVAILABILITY = YES_AGGRESSIVE;
				CLANG_WARN_UNREACHABLE_CODE = YES;
				CLANG_WARN__DUPLICATE_METHOD_MATCH = YES;
				COPY_PHASE_STRIP = NO;
				DEBUG_INFORMATION_FORMAT = "dwarf-with-dsym";
				ENABLE_NS_ASSERTIONS = NO;
				ENABLE_STRICT_OBJC_MSGSEND = YES;
				GCC_C_LANGUAGE_STANDARD = gnu11;
				GCC_NO_COMMON_BLOCKS = YES;
				GCC_WARN_64_TO_32_BIT_CONVERSION = YES;
				GCC_WARN_ABOUT_RETURN_TYPE = YES_ERROR;
				GCC_WARN_UNDECLARED_SELECTOR = YES;
				GCC_WARN_UNINITIALIZED_AUTOS = YES_AGGRESSIVE;
				GCC_WARN_UNUSED_FUNCTION = YES;
				GCC_WARN_UNUSED_VARIABLE = YES;
				IPHONEOS_DEPLOYMENT_TARGET = 14.5;
				MTL_ENABLE_DEBUG_INFO = NO;
				MTL_FAST_MATH = YES;
				SDKROOT = iphoneos;
				SWIFT_COMPILATION_MODE = wholemodule;
				SWIFT_OPTIMIZATION_LEVEL = "-O";
				VALIDATE_PRODUCT = YES;
			};
			name = Release;
		};
		22C93A5C26A7611100838E44 /* Debug */ = {
			isa = XCBuildConfiguration;
			buildSettings = {
				ASSETCATALOG_COMPILER_APPICON_NAME = AppIcon;
				ASSETCATALOG_COMPILER_GLOBAL_ACCENT_COLOR_NAME = AccentColor;
				CODE_SIGN_ENTITLEMENTS = "Ball Runner/Ball Runner.entitlements";
				CODE_SIGN_STYLE = Automatic;
				CURRENT_PROJECT_VERSION = 7;
				DEVELOPMENT_TEAM = 534V229RMK;
				INFOPLIST_FILE = System/Info.plist;
				LD_RUNPATH_SEARCH_PATHS = (
					"$(inherited)",
					"@executable_path/Frameworks",
				);
				MARKETING_VERSION = 0.1;
				PRODUCT_BUNDLE_IDENTIFIER = "Kings.Ball-Runner";
				PRODUCT_NAME = "$(TARGET_NAME)";
				SWIFT_VERSION = 5.0;
				TARGETED_DEVICE_FAMILY = "1,2";
			};
			name = Debug;
		};
		22C93A5D26A7611100838E44 /* Release */ = {
			isa = XCBuildConfiguration;
			buildSettings = {
				ASSETCATALOG_COMPILER_APPICON_NAME = AppIcon;
				ASSETCATALOG_COMPILER_GLOBAL_ACCENT_COLOR_NAME = AccentColor;
				CODE_SIGN_ENTITLEMENTS = "Ball Runner/Ball Runner.entitlements";
				CODE_SIGN_STYLE = Automatic;
				CURRENT_PROJECT_VERSION = 7;
				DEVELOPMENT_TEAM = 534V229RMK;
				INFOPLIST_FILE = System/Info.plist;
				LD_RUNPATH_SEARCH_PATHS = (
					"$(inherited)",
					"@executable_path/Frameworks",
				);
				MARKETING_VERSION = 0.1;
				PRODUCT_BUNDLE_IDENTIFIER = "Kings.Ball-Runner";
				PRODUCT_NAME = "$(TARGET_NAME)";
				SWIFT_VERSION = 5.0;
				TARGETED_DEVICE_FAMILY = "1,2";
			};
			name = Release;
		};
/* End XCBuildConfiguration section */

/* Begin XCConfigurationList section */
		22C93A2C26A7610F00838E44 /* Build configuration list for PBXProject "Ball Runner" */ = {
			isa = XCConfigurationList;
			buildConfigurations = (
				22C93A5926A7611100838E44 /* Debug */,
				22C93A5A26A7611100838E44 /* Release */,
			);
			defaultConfigurationIsVisible = 0;
			defaultConfigurationName = Release;
		};
		22C93A5B26A7611100838E44 /* Build configuration list for PBXNativeTarget "Ball Runner" */ = {
			isa = XCConfigurationList;
			buildConfigurations = (
				22C93A5C26A7611100838E44 /* Debug */,
				22C93A5D26A7611100838E44 /* Release */,
			);
			defaultConfigurationIsVisible = 0;
			defaultConfigurationName = Release;
		};
/* End XCConfigurationList section */
	};
	rootObject = 22C93A2926A7610F00838E44 /* Project object */;
}
